// !$*UTF8*$!
{
	archiveVersion = 1;
	classes = {
	};
	objectVersion = 46;
	objects = {

/* Begin PBXBuildFile section */
		2AC4E748B1B79F63C11B1F59 /* Pods_CloudFunctionExample.framework in Frameworks */ = {isa = PBXBuildFile; fileRef = 5655C5A9704E1FF501A05407 /* Pods_CloudFunctionExample.framework */; };
		4661EE1B1E7629580063D1E6 /* AppDelegate.swift in Sources */ = {isa = PBXBuildFile; fileRef = 4661EE1A1E7629580063D1E6 /* AppDelegate.swift */; };
		4661EE1D1E7629580063D1E6 /* ViewController.swift in Sources */ = {isa = PBXBuildFile; fileRef = 4661EE1C1E7629580063D1E6 /* ViewController.swift */; };
		4661EE201E7629580063D1E6 /* Main.storyboard in Resources */ = {isa = PBXBuildFile; fileRef = 4661EE1E1E7629580063D1E6 /* Main.storyboard */; };
		4661EE221E7629580063D1E6 /* Assets.xcassets in Resources */ = {isa = PBXBuildFile; fileRef = 4661EE211E7629580063D1E6 /* Assets.xcassets */; };
		4661EE251E7629580063D1E6 /* LaunchScreen.storyboard in Resources */ = {isa = PBXBuildFile; fileRef = 4661EE231E7629580063D1E6 /* LaunchScreen.storyboard */; };
/* End PBXBuildFile section */

/* Begin PBXFileReference section */
		4661EE171E7629580063D1E6 /* CloudFunctionExample.app */ = {isa = PBXFileReference; explicitFileType = wrapper.application; includeInIndex = 0; path = CloudFunctionExample.app; sourceTree = BUILT_PRODUCTS_DIR; };
		4661EE1A1E7629580063D1E6 /* AppDelegate.swift */ = {isa = PBXFileReference; lastKnownFileType = sourcecode.swift; path = AppDelegate.swift; sourceTree = "<group>"; };
		4661EE1C1E7629580063D1E6 /* ViewController.swift */ = {isa = PBXFileReference; lastKnownFileType = sourcecode.swift; path = ViewController.swift; sourceTree = "<group>"; };
		4661EE1F1E7629580063D1E6 /* Base */ = {isa = PBXFileReference; lastKnownFileType = file.storyboard; name = Base; path = Base.lproj/Main.storyboard; sourceTree = "<group>"; };
		4661EE211E7629580063D1E6 /* Assets.xcassets */ = {isa = PBXFileReference; lastKnownFileType = folder.assetcatalog; path = Assets.xcassets; sourceTree = "<group>"; };
		4661EE241E7629580063D1E6 /* Base */ = {isa = PBXFileReference; lastKnownFileType = file.storyboard; name = Base; path = Base.lproj/LaunchScreen.storyboard; sourceTree = "<group>"; };
		4661EE261E7629580063D1E6 /* Info.plist */ = {isa = PBXFileReference; lastKnownFileType = text.plist.xml; path = Info.plist; sourceTree = "<group>"; };
		5655C5A9704E1FF501A05407 /* Pods_CloudFunctionExample.framework */ = {isa = PBXFileReference; explicitFileType = wrapper.framework; includeInIndex = 0; path = Pods_CloudFunctionExample.framework; sourceTree = BUILT_PRODUCTS_DIR; };
		B8F75769D106E00050FAF95B /* Pods-CloudFunctionExample.debug.xcconfig */ = {isa = PBXFileReference; includeInIndex = 1; lastKnownFileType = text.xcconfig; name = "Pods-CloudFunctionExample.debug.xcconfig"; path = "Pods/Target Support Files/Pods-CloudFunctionExample/Pods-CloudFunctionExample.debug.xcconfig"; sourceTree = "<group>"; };
		C3053815EE5E616C9A9DDA06 /* Pods-CloudFunctionExample.release.xcconfig */ = {isa = PBXFileReference; includeInIndex = 1; lastKnownFileType = text.xcconfig; name = "Pods-CloudFunctionExample.release.xcconfig"; path = "Pods/Target Support Files/Pods-CloudFunctionExample/Pods-CloudFunctionExample.release.xcconfig"; sourceTree = "<group>"; };
/* End PBXFileReference section */

/* Begin PBXFrameworksBuildPhase section */
		4661EE141E7629580063D1E6 /* Frameworks */ = {
			isa = PBXFrameworksBuildPhase;
			buildActionMask = 2147483647;
			files = (
				2AC4E748B1B79F63C11B1F59 /* Pods_CloudFunctionExample.framework in Frameworks */,
			);
			runOnlyForDeploymentPostprocessing = 0;
		};
/* End PBXFrameworksBuildPhase section */

/* Begin PBXGroup section */
		446D84BE98A307DCDD8D47C6 /* Frameworks */ = {
			isa = PBXGroup;
			children = (
				5655C5A9704E1FF501A05407 /* Pods_CloudFunctionExample.framework */,
			);
			name = Frameworks;
			sourceTree = "<group>";
		};
		4661EE0E1E7629580063D1E6 = {
			isa = PBXGroup;
			children = (
				4661EE191E7629580063D1E6 /* CloudFunctionExample */,
				4661EE181E7629580063D1E6 /* Products */,
				F82A0667A18269BDDCA8DCC2 /* Pods */,
				446D84BE98A307DCDD8D47C6 /* Frameworks */,
			);
			sourceTree = "<group>";
		};
		4661EE181E7629580063D1E6 /* Products */ = {
			isa = PBXGroup;
			children = (
				4661EE171E7629580063D1E6 /* CloudFunctionExample.app */,
			);
			name = Products;
			sourceTree = "<group>";
		};
		4661EE191E7629580063D1E6 /* CloudFunctionExample */ = {
			isa = PBXGroup;
			children = (
				4661EE1A1E7629580063D1E6 /* AppDelegate.swift */,
				4661EE1C1E7629580063D1E6 /* ViewController.swift */,
				4661EE1E1E7629580063D1E6 /* Main.storyboard */,
				4661EE211E7629580063D1E6 /* Assets.xcassets */,
				4661EE231E7629580063D1E6 /* LaunchScreen.storyboard */,
				4661EE261E7629580063D1E6 /* Info.plist */,
			);
			path = CloudFunctionExample;
			sourceTree = "<group>";
		};
		F82A0667A18269BDDCA8DCC2 /* Pods */ = {
			isa = PBXGroup;
			children = (
				B8F75769D106E00050FAF95B /* Pods-CloudFunctionExample.debug.xcconfig */,
				C3053815EE5E616C9A9DDA06 /* Pods-CloudFunctionExample.release.xcconfig */,
			);
			name = Pods;
			sourceTree = "<group>";
		};
/* End PBXGroup section */

/* Begin PBXNativeTarget section */
		4661EE161E7629580063D1E6 /* CloudFunctionExample */ = {
			isa = PBXNativeTarget;
			buildConfigurationList = 4661EE291E7629580063D1E6 /* Build configuration list for PBXNativeTarget "CloudFunctionExample" */;
			buildPhases = (
				2A2F4ECE98D12BEFAA18B4CF /* [CP] Check Pods Manifest.lock */,
				4661EE131E7629580063D1E6 /* Sources */,
				4661EE141E7629580063D1E6 /* Frameworks */,
				4661EE151E7629580063D1E6 /* Resources */,
				5C7A0666008AA27E59DF6A35 /* [CP] Embed Pods Frameworks */,
				5B0A2665CE3791833A6A3183 /* [CP] Copy Pods Resources */,
			);
			buildRules = (
			);
			dependencies = (
			);
			name = CloudFunctionExample;
			productName = CloudFunctionExample;
			productReference = 4661EE171E7629580063D1E6 /* CloudFunctionExample.app */;
			productType = "com.apple.product-type.application";
		};
/* End PBXNativeTarget section */

/* Begin PBXProject section */
		4661EE0F1E7629580063D1E6 /* Project object */ = {
			isa = PBXProject;
			attributes = {
				LastSwiftUpdateCheck = 0820;
				LastUpgradeCheck = 0820;
				ORGANIZATIONNAME = "Alex Nguyen";
				TargetAttributes = {
					4661EE161E7629580063D1E6 = {
						CreatedOnToolsVersion = 8.2.1;
						DevelopmentTeam = ZY7497MHJE;
						ProvisioningStyle = Automatic;
					};
				};
			};
			buildConfigurationList = 4661EE121E7629580063D1E6 /* Build configuration list for PBXProject "CloudFunctionExample" */;
			compatibilityVersion = "Xcode 3.2";
			developmentRegion = English;
			hasScannedForEncodings = 0;
			knownRegions = (
				en,
				Base,
			);
			mainGroup = 4661EE0E1E7629580063D1E6;
			productRefGroup = 4661EE181E7629580063D1E6 /* Products */;
			projectDirPath = "";
			projectRoot = "";
			targets = (
				4661EE161E7629580063D1E6 /* CloudFunctionExample */,
			);
		};
/* End PBXProject section */

/* Begin PBXResourcesBuildPhase section */
		4661EE151E7629580063D1E6 /* Resources */ = {
			isa = PBXResourcesBuildPhase;
			buildActionMask = 2147483647;
			files = (
				4661EE251E7629580063D1E6 /* LaunchScreen.storyboard in Resources */,
				4661EE221E7629580063D1E6 /* Assets.xcassets in Resources */,
				4661EE201E7629580063D1E6 /* Main.storyboard in Resources */,
			);
			runOnlyForDeploymentPostprocessing = 0;
		};
/* End PBXResourcesBuildPhase section */

/* Begin PBXShellScriptBuildPhase section */
		2A2F4ECE98D12BEFAA18B4CF /* [CP] Check Pods Manifest.lock */ = {
			isa = PBXShellScriptBuildPhase;
			buildActionMask = 2147483647;
			files = (
			);
			inputPaths = (
			);
			name = "[CP] Check Pods Manifest.lock";
			outputPaths = (
			);
			runOnlyForDeploymentPostprocessing = 0;
			shellPath = /bin/sh;
			shellScript = "diff \"${PODS_ROOT}/../Podfile.lock\" \"${PODS_ROOT}/Manifest.lock\" > /dev/null\nif [ $? != 0 ] ; then\n    # print error to STDERR\n    echo \"error: The sandbox is not in sync with the Podfile.lock. Run \'pod install\' or update your CocoaPods installation.\" >&2\n    exit 1\nfi\n";
			showEnvVarsInLog = 0;
		};
		5B0A2665CE3791833A6A3183 /* [CP] Copy Pods Resources */ = {
			isa = PBXShellScriptBuildPhase;
			buildActionMask = 2147483647;
			files = (
			);
			inputPaths = (
			);
			name = "[CP] Copy Pods Resources";
			outputPaths = (
			);
			runOnlyForDeploymentPostprocessing = 0;
			shellPath = /bin/sh;
			shellScript = "\"${SRCROOT}/Pods/Target Support Files/Pods-CloudFunctionExample/Pods-CloudFunctionExample-resources.sh\"\n";
			showEnvVarsInLog = 0;
		};
		5C7A0666008AA27E59DF6A35 /* [CP] Embed Pods Frameworks */ = {
			isa = PBXShellScriptBuildPhase;
			buildActionMask = 2147483647;
			files = (
			);
			inputPaths = (
			);
			name = "[CP] Embed Pods Frameworks";
			outputPaths = (
			);
			runOnlyForDeploymentPostprocessing = 0;
			shellPath = /bin/sh;
			shellScript = "\"${SRCROOT}/Pods/Target Support Files/Pods-CloudFunctionExample/Pods-CloudFunctionExample-frameworks.sh\"\n";
			showEnvVarsInLog = 0;
		};
/* End PBXShellScriptBuildPhase section */

/* Begin PBXSourcesBuildPhase section */
		4661EE131E7629580063D1E6 /* Sources */ = {
			isa = PBXSourcesBuildPhase;
			buildActionMask = 2147483647;
			files = (
				4661EE1D1E7629580063D1E6 /* ViewController.swift in Sources */,
				4661EE1B1E7629580063D1E6 /* AppDelegate.swift in Sources */,
			);
			runOnlyForDeploymentPostprocessing = 0;
		};
/* End PBXSourcesBuildPhase section */

/* Begin PBXVariantGroup section */
		4661EE1E1E7629580063D1E6 /* Main.storyboard */ = {
			isa = PBXVariantGroup;
			children = (
				4661EE1F1E7629580063D1E6 /* Base */,
			);
			name = Main.storyboard;
			sourceTree = "<group>";
		};
		4661EE231E7629580063D1E6 /* LaunchScreen.storyboard */ = {
			isa = PBXVariantGroup;
			children = (
				4661EE241E7629580063D1E6 /* Base */,
			);
			name = LaunchScreen.storyboard;
			sourceTree = "<group>";
		};
/* End PBXVariantGroup section */

/* Begin XCBuildConfiguration section */
		4661EE271E7629580063D1E6 /* Debug */ = {
			isa = XCBuildConfiguration;
			buildSettings = {
				ALWAYS_SEARCH_USER_PATHS = NO;
				CLANG_ANALYZER_NONNULL = YES;
				CLANG_CXX_LANGUAGE_STANDARD = "gnu++0x";
				CLANG_CXX_LIBRARY = "libc++";
				CLANG_ENABLE_MODULES = YES;
				CLANG_ENABLE_OBJC_ARC = YES;
				CLANG_WARN_BOOL_CONVERSION = YES;
				CLANG_WARN_CONSTANT_CONVERSION = YES;
				CLANG_WARN_DIRECT_OBJC_ISA_USAGE = YES_ERROR;
				CLANG_WARN_DOCUMENTATION_COMMENTS = YES;
				CLANG_WARN_EMPTY_BODY = YES;
				CLANG_WARN_ENUM_CONVERSION = YES;
				CLANG_WARN_INFINITE_RECURSION = YES;
				CLANG_WARN_INT_CONVERSION = YES;
				CLANG_WARN_OBJC_ROOT_CLASS = YES_ERROR;
				CLANG_WARN_SUSPICIOUS_MOVE = YES;
				CLANG_WARN_UNREACHABLE_CODE = YES;
				CLANG_WARN__DUPLICATE_METHOD_MATCH = YES;
				"CODE_SIGN_IDENTITY[sdk=iphoneos*]" = "iPhone Developer";
				COPY_PHASE_STRIP = NO;
				DEBUG_INFORMATION_FORMAT = dwarf;
				ENABLE_STRICT_OBJC_MSGSEND = YES;
				ENABLE_TESTABILITY = YES;
				GCC_C_LANGUAGE_STANDARD = gnu99;
				GCC_DYNAMIC_NO_PIC = NO;
				GCC_NO_COMMON_BLOCKS = YES;
				GCC_OPTIMIZATION_LEVEL = 0;
				GCC_PREPROCESSOR_DEFINITIONS = (
					"DEBUG=1",
					"$(inherited)",
				);
				GCC_WARN_64_TO_32_BIT_CONVERSION = YES;
				GCC_WARN_ABOUT_RETURN_TYPE = YES_ERROR;
				GCC_WARN_UNDECLARED_SELECTOR = YES;
				GCC_WARN_UNINITIALIZED_AUTOS = YES_AGGRESSIVE;
				GCC_WARN_UNUSED_FUNCTION = YES;
				GCC_WARN_UNUSED_VARIABLE = YES;
				IPHONEOS_DEPLOYMENT_TARGET = 10.2;
				MTL_ENABLE_DEBUG_INFO = YES;
				ONLY_ACTIVE_ARCH = YES;
				SDKROOT = iphoneos;
				SWIFT_ACTIVE_COMPILATION_CONDITIONS = DEBUG;
				SWIFT_OPTIMIZATION_LEVEL = "-Onone";
			};
			name = Debug;
		};
		4661EE281E7629580063D1E6 /* Release */ = {
			isa = XCBuildConfiguration;
			buildSettings = {
				ALWAYS_SEARCH_USER_PATHS = NO;
				CLANG_ANALYZER_NONNULL = YES;
				CLANG_CXX_LANGUAGE_STANDARD = "gnu++0x";
				CLANG_CXX_LIBRARY = "libc++";
				CLANG_ENABLE_MODULES = YES;
				CLANG_ENABLE_OBJC_ARC = YES;
				CLANG_WARN_BOOL_CONVERSION = YES;
				CLANG_WARN_CONSTANT_CONVERSION = YES;
				CLANG_WARN_DIRECT_OBJC_ISA_USAGE = YES_ERROR;
				CLANG_WARN_DOCUMENTATION_COMMENTS = YES;
				CLANG_WARN_EMPTY_BODY = YES;
				CLANG_WARN_ENUM_CONVERSION = YES;
				CLANG_WARN_INFINITE_RECURSION = YES;
				CLANG_WARN_INT_CONVERSION = YES;
				CLANG_WARN_OBJC_ROOT_CLASS = YES_ERROR;
				CLANG_WARN_SUSPICIOUS_MOVE = YES;
				CLANG_WARN_UNREACHABLE_CODE = YES;
				CLANG_WARN__DUPLICATE_METHOD_MATCH = YES;
				"CODE_SIGN_IDENTITY[sdk=iphoneos*]" = "iPhone Developer";
				COPY_PHASE_STRIP = NO;
				DEBUG_INFORMATION_FORMAT = "dwarf-with-dsym";
				ENABLE_NS_ASSERTIONS = NO;
				ENABLE_STRICT_OBJC_MSGSEND = YES;
				GCC_C_LANGUAGE_STANDARD = gnu99;
				GCC_NO_COMMON_BLOCKS = YES;
				GCC_WARN_64_TO_32_BIT_CONVERSION = YES;
				GCC_WARN_ABOUT_RETURN_TYPE = YES_ERROR;
				GCC_WARN_UNDECLARED_SELECTOR = YES;
				GCC_WARN_UNINITIALIZED_AUTOS = YES_AGGRESSIVE;
				GCC_WARN_UNUSED_FUNCTION = YES;
				GCC_WARN_UNUSED_VARIABLE = YES;
				IPHONEOS_DEPLOYMENT_TARGET = 10.2;
				MTL_ENABLE_DEBUG_INFO = NO;
				SDKROOT = iphoneos;
				SWIFT_OPTIMIZATION_LEVEL = "-Owholemodule";
				VALIDATE_PRODUCT = YES;
			};
			name = Release;
		};
		4661EE2A1E7629580063D1E6 /* Debug */ = {
			isa = XCBuildConfiguration;
			baseConfigurationReference = B8F75769D106E00050FAF95B /* Pods-CloudFunctionExample.debug.xcconfig */;
			buildSettings = {
				ASSETCATALOG_COMPILER_APPICON_NAME = AppIcon;
				DEVELOPMENT_TEAM = ZY7497MHJE;
				INFOPLIST_FILE = CloudFunctionExample/Info.plist;
				LD_RUNPATH_SEARCH_PATHS = "$(inherited) @executable_path/Frameworks";
				PRODUCT_BUNDLE_IDENTIFIER = com.itsalexnguyen.CloudFunctionExample;
				PRODUCT_NAME = "$(TARGET_NAME)";
				SWIFT_VERSION = 3.0;
			};
			name = Debug;
		};
		4661EE2B1E7629580063D1E6 /* Release */ = {
			isa = XCBuildConfiguration;
			baseConfigurationReference = C3053815EE5E616C9A9DDA06 /* Pods-CloudFunctionExample.release.xcconfig */;
			buildSettings = {
				ASSETCATALOG_COMPILER_APPICON_NAME = AppIcon;
				DEVELOPMENT_TEAM = ZY7497MHJE;
				INFOPLIST_FILE = CloudFunctionExample/Info.plist;
				LD_RUNPATH_SEARCH_PATHS = "$(inherited) @executable_path/Frameworks";
				PRODUCT_BUNDLE_IDENTIFIER = com.itsalexnguyen.CloudFunctionExample;
				PRODUCT_NAME = "$(TARGET_NAME)";
				SWIFT_VERSION = 3.0;
			};
			name = Release;
		};
/* End XCBuildConfiguration section */

/* Begin XCConfigurationList section */
		4661EE121E7629580063D1E6 /* Build configuration list for PBXProject "CloudFunctionExample" */ = {
			isa = XCConfigurationList;
			buildConfigurations = (
				4661EE271E7629580063D1E6 /* Debug */,
				4661EE281E7629580063D1E6 /* Release */,
			);
			defaultConfigurationIsVisible = 0;
			defaultConfigurationName = Release;
		};
		4661EE291E7629580063D1E6 /* Build configuration list for PBXNativeTarget "CloudFunctionExample" */ = {
			isa = XCConfigurationList;
			buildConfigurations = (
				4661EE2A1E7629580063D1E6 /* Debug */,
				4661EE2B1E7629580063D1E6 /* Release */,
			);
			defaultConfigurationIsVisible = 0;
		};
/* End XCConfigurationList section */
	};
	rootObject = 4661EE0F1E7629580063D1E6 /* Project object */;
}
